
Microsoft Visual Studio Solution File, Format Version 12.00
# Visual Studio Version 16
VisualStudioVersion = 16.0.30114.105
MinimumVisualStudioVersion = 10.0.40219.1
Project("{FAE04EC0-301F-11D3-BF4B-00C04F79EFBC}") = "API", "API\API.csproj", "{EC9B73D0-2065-4FFB-9814-268FC36459A8}"
EndProject
Project("{FAE04EC0-301F-11D3-BF4B-00C04F79EFBC}") = "Application", "Application\Application.csproj", "{D05740F8-D0F4-46B0-80D7-AF3901D1720C}"
EndProject
Project("{FAE04EC0-301F-11D3-BF4B-00C04F79EFBC}") = "Domain", "Domain\Domain.csproj", "{DCFFAEB7-64D5-408A-8959-9C0F8FC0CD56}"
EndProject
Project("{FAE04EC0-301F-11D3-BF4B-00C04F79EFBC}") = "Persistence", "Persistence\Persistence.csproj", "{3CD6BAAA-BDEE-4A62-8A23-6912AD66D27D}"
EndProject
Global
	GlobalSection(SolutionConfigurationPlatforms) = preSolution
		Debug|Any CPU = Debug|Any CPU
		Debug|x64 = Debug|x64
		Debug|x86 = Debug|x86
		Release|Any CPU = Release|Any CPU
		Release|x64 = Release|x64
		Release|x86 = Release|x86
	EndGlobalSection
	GlobalSection(SolutionProperties) = preSolution
		HideSolutionNode = FALSE
	EndGlobalSection
	GlobalSection(ProjectConfigurationPlatforms) = postSolution
		{EC9B73D0-2065-4FFB-9814-268FC36459A8}.Debug|Any CPU.ActiveCfg = Debug|Any CPU
		{EC9B73D0-2065-4FFB-9814-268FC36459A8}.Debug|Any CPU.Build.0 = Debug|Any CPU
		{EC9B73D0-2065-4FFB-9814-268FC36459A8}.Debug|x64.ActiveCfg = Debug|Any CPU
		{EC9B73D0-2065-4FFB-9814-268FC36459A8}.Debug|x64.Build.0 = Debug|Any CPU
		{EC9B73D0-2065-4FFB-9814-268FC36459A8}.Debug|x86.ActiveCfg = Debug|Any CPU
		{EC9B73D0-2065-4FFB-9814-268FC36459A8}.Debug|x86.Build.0 = Debug|Any CPU
		{EC9B73D0-2065-4FFB-9814-268FC36459A8}.Release|Any CPU.ActiveCfg = Release|Any CPU
		{EC9B73D0-2065-4FFB-9814-268FC36459A8}.Release|Any CPU.Build.0 = Release|Any CPU
		{EC9B73D0-2065-4FFB-9814-268FC36459A8}.Release|x64.ActiveCfg = Release|Any CPU
		{EC9B73D0-2065-4FFB-9814-268FC36459A8}.Release|x64.Build.0 = Release|Any CPU
		{EC9B73D0-2065-4FFB-9814-268FC36459A8}.Release|x86.ActiveCfg = Release|Any CPU
		{EC9B73D0-2065-4FFB-9814-268FC36459A8}.Release|x86.Build.0 = Release|Any CPU
		{D05740F8-D0F4-46B0-80D7-AF3901D1720C}.Debug|Any CPU.ActiveCfg = Debug|Any CPU
		{D05740F8-D0F4-46B0-80D7-AF3901D1720C}.Debug|Any CPU.Build.0 = Debug|Any CPU
		{D05740F8-D0F4-46B0-80D7-AF3901D1720C}.Debug|x64.ActiveCfg = Debug|Any CPU
		{D05740F8-D0F4-46B0-80D7-AF3901D1720C}.Debug|x64.Build.0 = Debug|Any CPU
		{D05740F8-D0F4-46B0-80D7-AF3901D1720C}.Debug|x86.ActiveCfg = Debug|Any CPU
		{D05740F8-D0F4-46B0-80D7-AF3901D1720C}.Debug|x86.Build.0 = Debug|Any CPU
		{D05740F8-D0F4-46B0-80D7-AF3901D1720C}.Release|Any CPU.ActiveCfg = Release|Any CPU
		{D05740F8-D0F4-46B0-80D7-AF3901D1720C}.Release|Any CPU.Build.0 = Release|Any CPU
		{D05740F8-D0F4-46B0-80D7-AF3901D1720C}.Release|x64.ActiveCfg = Release|Any CPU
		{D05740F8-D0F4-46B0-80D7-AF3901D1720C}.Release|x64.Build.0 = Release|Any CPU
		{D05740F8-D0F4-46B0-80D7-AF3901D1720C}.Release|x86.ActiveCfg = Release|Any CPU
		{D05740F8-D0F4-46B0-80D7-AF3901D1720C}.Release|x86.Build.0 = Release|Any CPU
		{DCFFAEB7-64D5-408A-8959-9C0F8FC0CD56}.Debug|Any CPU.ActiveCfg = Debug|Any CPU
		{DCFFAEB7-64D5-408A-8959-9C0F8FC0CD56}.Debug|Any CPU.Build.0 = Debug|Any CPU
		{DCFFAEB7-64D5-408A-8959-9C0F8FC0CD56}.Debug|x64.ActiveCfg = Debug|Any CPU
		{DCFFAEB7-64D5-408A-8959-9C0F8FC0CD56}.Debug|x64.Build.0 = Debug|Any CPU
		{DCFFAEB7-64D5-408A-8959-9C0F8FC0CD56}.Debug|x86.ActiveCfg = Debug|Any CPU
		{DCFFAEB7-64D5-408A-8959-9C0F8FC0CD56}.Debug|x86.Build.0 = Debug|Any CPU
		{DCFFAEB7-64D5-408A-8959-9C0F8FC0CD56}.Release|Any CPU.ActiveCfg = Release|Any CPU
		{DCFFAEB7-64D5-408A-8959-9C0F8FC0CD56}.Release|Any CPU.Build.0 = Release|Any CPU
		{DCFFAEB7-64D5-408A-8959-9C0F8FC0CD56}.Release|x64.ActiveCfg = Release|Any CPU
		{DCFFAEB7-64D5-408A-8959-9C0F8FC0CD56}.Release|x64.Build.0 = Release|Any CPU
		{DCFFAEB7-64D5-408A-8959-9C0F8FC0CD56}.Release|x86.ActiveCfg = Release|Any CPU
		{DCFFAEB7-64D5-408A-8959-9C0F8FC0CD56}.Release|x86.Build.0 = Release|Any CPU
		{3CD6BAAA-BDEE-4A62-8A23-6912AD66D27D}.Debug|Any CPU.ActiveCfg = Debug|Any CPU
		{3CD6BAAA-BDEE-4A62-8A23-6912AD66D27D}.Debug|Any CPU.Build.0 = Debug|Any CPU
		{3CD6BAAA-BDEE-4A62-8A23-6912AD66D27D}.Debug|x64.ActiveCfg = Debug|Any CPU
		{3CD6BAAA-BDEE-4A62-8A23-6912AD66D27D}.Debug|x64.Build.0 = Debug|Any CPU
		{3CD6BAAA-BDEE-4A62-8A23-6912AD66D27D}.Debug|x86.ActiveCfg = Debug|Any CPU
		{3CD6BAAA-BDEE-4A62-8A23-6912AD66D27D}.Debug|x86.Build.0 = Debug|Any CPU
		{3CD6BAAA-BDEE-4A62-8A23-6912AD66D27D}.Release|Any CPU.ActiveCfg = Release|Any CPU
		{3CD6BAAA-BDEE-4A62-8A23-6912AD66D27D}.Release|Any CPU.Build.0 = Release|Any CPU
		{3CD6BAAA-BDEE-4A62-8A23-6912AD66D27D}.Release|x64.ActiveCfg = Release|Any CPU
		{3CD6BAAA-BDEE-4A62-8A23-6912AD66D27D}.Release|x64.Build.0 = Release|Any CPU
		{3CD6BAAA-BDEE-4A62-8A23-6912AD66D27D}.Release|x86.ActiveCfg = Release|Any CPU
		{3CD6BAAA-BDEE-4A62-8A23-6912AD66D27D}.Release|x86.Build.0 = Release|Any CPU
	EndGlobalSection
EndGlobal
